
Microsoft Visual Studio Solution File, Format Version 12.00
# Visual Studio Version 16
VisualStudioVersion = 16.0.30413.136
MinimumVisualStudioVersion = 10.0.40219.1
Project("{FAE04EC0-301F-11D3-BF4B-00C04F79EFBC}") = "EB_saldumi_11_G", "EB_saldumi_11_G\EB_saldumi_11_G.csproj", "{B961659C-7250-4D28-A814-C6AB57F9F184}"
EndProject
Global
	GlobalSection(SolutionConfigurationPlatforms) = preSolution
		Debug|Any CPU = Debug|Any CPU
		Release|Any CPU = Release|Any CPU
	EndGlobalSection
	GlobalSection(ProjectConfigurationPlatforms) = postSolution
		{B961659C-7250-4D28-A814-C6AB57F9F184}.Debug|Any CPU.ActiveCfg = Debug|Any CPU
		{B961659C-7250-4D28-A814-C6AB57F9F184}.Debug|Any CPU.Build.0 = Debug|Any CPU
		{B961659C-7250-4D28-A814-C6AB57F9F184}.Release|Any CPU.ActiveCfg = Release|Any CPU
		{B961659C-7250-4D28-A814-C6AB57F9F184}.Release|Any CPU.Build.0 = Release|Any CPU
	EndGlobalSection
	GlobalSection(SolutionProperties) = preSolution
		HideSolutionNode = FALSE
	EndGlobalSection
	GlobalSection(ExtensibilityGlobals) = postSolution
		SolutionGuid = {F7FE5504-E523-4843-A12C-2FD2B15E2EDC}
	EndGlobalSection
EndGlobal
